
Microsoft Visual Studio Solution File, Format Version 12.00
# Visual Studio Version 16
VisualStudioVersion = 16.0.31005.135
MinimumVisualStudioVersion = 10.0.40219.1
Project("{9A19103F-16F7-4668-BE54-9A1E7A4F7556}") = "HR_Application_DB_Logic", "HR_Application_DB_Logic\HR_Application_DB_Logic.csproj", "{2EEFE777-B364-4AF0-BE9A-B028A046185D}"
EndProject
Project("{00D1A9C2-B5F0-4AF3-8072-F6C62B433612}") = "HR_Application_DB", "HR_Application_DB\HR_Application_DB.sqlproj", "{4C638BE2-DEAE-41CA-942D-6B8F9D5130E8}"
EndProject
Project("{9A19103F-16F7-4668-BE54-9A1E7A4F7556}") = "HR_Application_DB_WPF", "HR_Application_DB_WPF\HR_Application_DB_WPF.csproj", "{B429B957-C49E-45B9-9281-D6F650D526E5}"
EndProject
Project("{9A19103F-16F7-4668-BE54-9A1E7A4F7556}") = "HR_Application_BLL", "HR_Application_BLL\HR_Application_BLL.csproj", "{AB3247E7-4B31-4B23-8BF9-11CBD27F6CEC}"
EndProject
Project("{9A19103F-16F7-4668-BE54-9A1E7A4F7556}") = "HR_Application_BLL.Tests", "HR_Application_BLL.Tests\HR_Application_BLL.Tests.csproj", "{F310B3EA-CFE1-46CF-AEA4-EE6724C18070}"
EndProject
Global
	GlobalSection(SolutionConfigurationPlatforms) = preSolution
		Debug|Any CPU = Debug|Any CPU
		Release|Any CPU = Release|Any CPU
	EndGlobalSection
	GlobalSection(ProjectConfigurationPlatforms) = postSolution
		{2EEFE777-B364-4AF0-BE9A-B028A046185D}.Debug|Any CPU.ActiveCfg = Debug|Any CPU
		{2EEFE777-B364-4AF0-BE9A-B028A046185D}.Debug|Any CPU.Build.0 = Debug|Any CPU
		{2EEFE777-B364-4AF0-BE9A-B028A046185D}.Release|Any CPU.ActiveCfg = Release|Any CPU
		{2EEFE777-B364-4AF0-BE9A-B028A046185D}.Release|Any CPU.Build.0 = Release|Any CPU
		{4C638BE2-DEAE-41CA-942D-6B8F9D5130E8}.Debug|Any CPU.ActiveCfg = Debug|Any CPU
		{4C638BE2-DEAE-41CA-942D-6B8F9D5130E8}.Debug|Any CPU.Build.0 = Debug|Any CPU
		{4C638BE2-DEAE-41CA-942D-6B8F9D5130E8}.Debug|Any CPU.Deploy.0 = Debug|Any CPU
		{4C638BE2-DEAE-41CA-942D-6B8F9D5130E8}.Release|Any CPU.ActiveCfg = Release|Any CPU
		{4C638BE2-DEAE-41CA-942D-6B8F9D5130E8}.Release|Any CPU.Build.0 = Release|Any CPU
		{4C638BE2-DEAE-41CA-942D-6B8F9D5130E8}.Release|Any CPU.Deploy.0 = Release|Any CPU
		{B429B957-C49E-45B9-9281-D6F650D526E5}.Debug|Any CPU.ActiveCfg = Debug|Any CPU
		{B429B957-C49E-45B9-9281-D6F650D526E5}.Debug|Any CPU.Build.0 = Debug|Any CPU
		{B429B957-C49E-45B9-9281-D6F650D526E5}.Release|Any CPU.ActiveCfg = Release|Any CPU
		{B429B957-C49E-45B9-9281-D6F650D526E5}.Release|Any CPU.Build.0 = Release|Any CPU
		{AB3247E7-4B31-4B23-8BF9-11CBD27F6CEC}.Debug|Any CPU.ActiveCfg = Debug|Any CPU
		{AB3247E7-4B31-4B23-8BF9-11CBD27F6CEC}.Debug|Any CPU.Build.0 = Debug|Any CPU
		{AB3247E7-4B31-4B23-8BF9-11CBD27F6CEC}.Release|Any CPU.ActiveCfg = Release|Any CPU
		{AB3247E7-4B31-4B23-8BF9-11CBD27F6CEC}.Release|Any CPU.Build.0 = Release|Any CPU
		{F310B3EA-CFE1-46CF-AEA4-EE6724C18070}.Debug|Any CPU.ActiveCfg = Debug|Any CPU
		{F310B3EA-CFE1-46CF-AEA4-EE6724C18070}.Debug|Any CPU.Build.0 = Debug|Any CPU
		{F310B3EA-CFE1-46CF-AEA4-EE6724C18070}.Release|Any CPU.ActiveCfg = Release|Any CPU
		{F310B3EA-CFE1-46CF-AEA4-EE6724C18070}.Release|Any CPU.Build.0 = Release|Any CPU
	EndGlobalSection
	GlobalSection(SolutionProperties) = preSolution
		HideSolutionNode = FALSE
	EndGlobalSection
	GlobalSection(ExtensibilityGlobals) = postSolution
		SolutionGuid = {CB7CB2FE-B4A2-41AB-9F0E-E94A422587C5}
	EndGlobalSection
EndGlobal
